// !$*UTF8*$!
{
	archiveVersion = 1;
	classes = {
	};
	objectVersion = 56;
	objects = {

/* Begin PBXBuildFile section */
		AA000000000000000001 /* EisenVaultSyncApp.swift in Sources */ = {isa = PBXBuildFile; fileRef = AA000000000000000002 /* EisenVaultSyncApp.swift */; };
		AA000000000000000003 /* ContentView.swift in Sources */ = {isa = PBXBuildFile; fileRef = AA000000000000000004 /* ContentView.swift */; };
		AA000000000000000005 /* Assets.xcassets in Resources */ = {isa = PBXBuildFile; fileRef = AA000000000000000006 /* Assets.xcassets */; };
		AA000000000000000007 /* Preview Assets.xcassets in Resources */ = {isa = PBXBuildFile; fileRef = AA000000000000000008 /* Preview Assets.xcassets */; };
		AA000000000000000009 /* EisenVaultSync.xcdatamodel in Sources */ = {isa = PBXBuildFile; fileRef = AA000000000000000010 /* EisenVaultSync.xcdatamodel */; };
		AA000000000000000011 /* AuthService.swift in Sources */ = {isa = PBXBuildFile; fileRef = AA000000000000000012 /* AuthService.swift */; };
		AA000000000000000013 /* LoginView.swift in Sources */ = {isa = PBXBuildFile; fileRef = AA000000000000000014 /* LoginView.swift */; };
		AA000000000000000015 /* AuthModels.swift in Sources */ = {isa = PBXBuildFile; fileRef = AA000000000000000016 /* AuthModels.swift */; };
		AA000000000000000017 /* KeychainManager.swift in Sources */ = {isa = PBXBuildFile; fileRef = AA000000000000000018 /* KeychainManager.swift */; };
		AA000000000000000019 /* NetworkManager.swift in Sources */ = {isa = PBXBuildFile; fileRef = AA000000000000000020 /* NetworkManager.swift */; };
		AA000000000000000023 /* PersistenceController.swift in Sources */ = {isa = PBXBuildFile; fileRef = AA000000000000000024 /* PersistenceController.swift */; };
		9C7951982E72B35900B95CA6 /* AccountManager.swift in Sources */ = {isa = PBXBuildFile; fileRef = 9C7951952E72B35900B95CA6 /* AccountManager.swift */; };
		9C7951992E72B35900B95CA6 /* AccountSetupView.swift in Sources */ = {isa = PBXBuildFile; fileRef = 9C7951962E72B35900B95CA6 /* AccountSetupView.swift */; };
		9C79519A2E72B35900B95CA6 /* MultiAccountView.swift in Sources */ = {isa = PBXBuildFile; fileRef = 9C7951972E72B35900B95CA6 /* MultiAccountView.swift */; };
		9C79519B2E72B35900B95CA6 /* AccountManagerView.swift in Sources */ = {isa = PBXBuildFile; fileRef = 9C79519C2E72B35900B95CA6 /* AccountManagerView.swift */; };
		9C79519D2E72B35900B95CA6 /* AccountManagerViewModel.swift in Sources */ = {isa = PBXBuildFile; fileRef = 9C79519E2E72B35900B95CA6 /* AccountManagerViewModel.swift */; };
		9C7951A12E72B35900B95CA6 /* ErrorAlertView.swift in Sources */ = {isa = PBXBuildFile; fileRef = 9C7951A22E72B35900B95CA6 /* ErrorAlertView.swift */; };
/* End PBXBuildFile section */

/* Begin PBXFileReference section */
		AA000000000000000002 /* EisenVaultSyncApp.swift */ = {isa = PBXFileReference; lastKnownFileType = sourcecode.swift; path = EisenVaultSyncApp.swift; sourceTree = "<group>"; };
		AA000000000000000004 /* ContentView.swift */ = {isa = PBXFileReference; lastKnownFileType = sourcecode.swift; path = ContentView.swift; sourceTree = "<group>"; };
		AA000000000000000006 /* Assets.xcassets */ = {isa = PBXFileReference; lastKnownFileType = folder.assetcatalog; path = Assets.xcassets; sourceTree = "<group>"; };
		AA000000000000000008 /* Preview Assets.xcassets */ = {isa = PBXFileReference; lastKnownFileType = folder.assetcatalog; path = "Preview Assets.xcassets"; sourceTree = "<group>"; };
		AA000000000000000010 /* EisenVaultSync.xcdatamodel */ = {isa = PBXFileReference; lastKnownFileType = wrapper.xcdatamodel; path = EisenVaultSync.xcdatamodel; sourceTree = "<group>"; };
		AA000000000000000012 /* AuthService.swift */ = {isa = PBXFileReference; lastKnownFileType = sourcecode.swift; path = AuthService.swift; sourceTree = "<group>"; };
		AA000000000000000014 /* LoginView.swift */ = {isa = PBXFileReference; lastKnownFileType = sourcecode.swift; path = LoginView.swift; sourceTree = "<group>"; };
		AA000000000000000016 /* AuthModels.swift */ = {isa = PBXFileReference; lastKnownFileType = sourcecode.swift; path = AuthModels.swift; sourceTree = "<group>"; };
		AA000000000000000018 /* KeychainManager.swift */ = {isa = PBXFileReference; lastKnownFileType = sourcecode.swift; path = KeychainManager.swift; sourceTree = "<group>"; };
		AA000000000000000020 /* NetworkManager.swift */ = {isa = PBXFileReference; lastKnownFileType = sourcecode.swift; path = NetworkManager.swift; sourceTree = "<group>"; };
		AA000000000000000024 /* PersistenceController.swift */ = {isa = PBXFileReference; lastKnownFileType = sourcecode.swift; path = PersistenceController.swift; sourceTree = "<group>"; };
		9C7951952E72B35900B95CA6 /* AccountManager.swift */ = {isa = PBXFileReference; lastKnownFileType = sourcecode.swift; path = AccountManager.swift; sourceTree = "<group>"; };
		9C7951962E72B35900B95CA6 /* AccountSetupView.swift */ = {isa = PBXFileReference; lastKnownFileType = sourcecode.swift; path = AccountSetupView.swift; sourceTree = "<group>"; };
		9C7951972E72B35900B95CA6 /* MultiAccountView.swift */ = {isa = PBXFileReference; lastKnownFileType = sourcecode.swift; path = MultiAccountView.swift; sourceTree = "<group>"; };
		9C79519C2E72B35900B95CA6 /* AccountManagerView.swift */ = {isa = PBXFileReference; lastKnownFileType = sourcecode.swift; path = AccountManagerView.swift; sourceTree = "<group>"; };
		9C79519E2E72B35900B95CA6 /* AccountManagerViewModel.swift */ = {isa = PBXFileReference; lastKnownFileType = sourcecode.swift; path = AccountManagerViewModel.swift; sourceTree = "<group>"; };
		9C7951A22E72B35900B95CA6 /* ErrorAlertView.swift */ = {isa = PBXFileReference; lastKnownFileType = sourcecode.swift; path = ErrorAlertView.swift; sourceTree = "<group>"; };
		AA000000000000000025 /* EisenVaultSync.app */ = {isa = PBXFileReference; explicitFileType = wrapper.application; includeInIndex = 0; path = EisenVaultSync.app; sourceTree = BUILT_PRODUCTS_DIR; };
		AA000000000000000026 /* Info.plist */ = {isa = PBXFileReference; lastKnownFileType = text.plist.xml; path = Info.plist; sourceTree = "<group>"; };
		AA000000000000000027 /* EisenVaultSync.entitlements */ = {isa = PBXFileReference; lastKnownFileType = text.plist.entitlements; path = EisenVaultSync.entitlements; sourceTree = "<group>"; };
/* End PBXFileReference section */

/* Begin PBXFrameworksBuildPhase section */
		AA000000000000000028 /* Frameworks */ = {
			isa = PBXFrameworksBuildPhase;
			buildActionMask = 2147483647;
			files = (
			);
			runOnlyForDeploymentPostprocessing = 0;
		};
/* End PBXFrameworksBuildPhase section */

/* Begin PBXGroup section */
		AA000000000000000029 = {
			isa = PBXGroup;
			children = (
				AA000000000000000030 /* EisenVaultSync */,
				AA000000000000000031 /* Products */,
			);
			sourceTree = "<group>";
		};
		AA000000000000000030 /* EisenVaultSync */ = {
			isa = PBXGroup;
			children = (
				AA000000000000000002 /* EisenVaultSyncApp.swift */,
				AA000000000000000004 /* ContentView.swift */,
				AA000000000000000032 /* Auth */,
				AA000000000000000033 /* Core */,
				9C79519F2E72B35900B95CA6 /* Views */,
				9C7951A02E72B35900B95CA6 /* ViewModels */,
				AA000000000000000006 /* Assets.xcassets */,
				AA000000000000000026 /* Info.plist */,
				AA000000000000000027 /* EisenVaultSync.entitlements */,
				AA000000000000000034 /* Preview Content */,
			);
			path = EisenVaultSync;
			sourceTree = "<group>";
		};
		AA000000000000000031 /* Products */ = {
			isa = PBXGroup;
			children = (
				AA000000000000000025 /* EisenVaultSync.app */,
			);
			name = Products;
			sourceTree = "<group>";
		};
		AA000000000000000032 /* Auth */ = {
			isa = PBXGroup;
			children = (
				AA000000000000000012 /* AuthService.swift */,
				AA000000000000000014 /* LoginView.swift */,
				AA000000000000000016 /* AuthModels.swift */,
				9C7951952E72B35900B95CA6 /* AccountManager.swift */,
				9C7951962E72B35900B95CA6 /* AccountSetupView.swift */,
				9C7951972E72B35900B95CA6 /* MultiAccountView.swift */,
			);
			path = Auth;
			sourceTree = "<group>";
		};
		AA000000000000000033 /* Core */ = {
			isa = PBXGroup;
			children = (
				AA000000000000000018 /* KeychainManager.swift */,
				AA000000000000000020 /* NetworkManager.swift */,
				AA000000000000000024 /* PersistenceController.swift */,
				AA000000000000000035 /* Models */,
				AA000000000000000047 /* EisenVaultSync.xcdatamodeld */,
			);
			path = Core;
			sourceTree = "<group>";
		};
		9C79519F2E72B35900B95CA6 /* Views */ = {
			isa = PBXGroup;
			children = (
				9C79519C2E72B35900B95CA6 /* AccountManagerView.swift */,
				9C7951A22E72B35900B95CA6 /* ErrorAlertView.swift */,
			);
			path = Views;
			sourceTree = "<group>";
		};
		9C7951A02E72B35900B95CA6 /* ViewModels */ = {
			isa = PBXGroup;
			children = (
				9C79519E2E72B35900B95CA6 /* AccountManagerViewModel.swift */,
			);
			path = ViewModels;
			sourceTree = "<group>";
		};
		AA000000000000000034 /* Preview Content */ = {
			isa = PBXGroup;
			children = (
				AA000000000000000008 /* Preview Assets.xcassets */,
			);
			path = "Preview Content";
			sourceTree = "<group>";
		};
		AA000000000000000035 /* Models */ = {
			isa = PBXGroup;
			children = (
			);
			path = Models;
			sourceTree = "<group>";
		};
/* End PBXGroup section */

/* Begin PBXNativeTarget section */
		AA000000000000000037 /* EisenVaultSync */ = {
			isa = PBXNativeTarget;
			buildConfigurationList = AA000000000000000038 /* Build configuration list for PBXNativeTarget "EisenVaultSync" */;
			buildPhases = (
				AA000000000000000039 /* Sources */,
				AA000000000000000028 /* Frameworks */,
				AA000000000000000040 /* Resources */,
			);
			buildRules = (
			);
			dependencies = (
			);
			name = EisenVaultSync;
			productName = EisenVaultSync;
			productReference = AA000000000000000025 /* EisenVaultSync.app */;
			productType = "com.apple.product-type.application";
		};
/* End PBXNativeTarget section */

/* Begin PBXProject section */
		AA000000000000000041 /* Project object */ = {
			isa = PBXProject;
			attributes = {
				BuildIndependentTargetsInParallel = 1;
				LastSwiftUpdateCheck = 1500;
				LastUpgradeCheck = 1500;
				TargetAttributes = {
					AA000000000000000037 = {
						CreatedOnToolsVersion = 15.0;
					};
				};
			};
			buildConfigurationList = AA000000000000000042 /* Build configuration list for PBXProject "EisenVaultSync" */;
			compatibilityVersion = "Xcode 14.0";
			developmentRegion = en;
			hasScannedForEncodings = 0;
			knownRegions = (
				en,
				Base,
			);
			mainGroup = AA000000000000000029;
			productRefGroup = AA000000000000000031 /* Products */;
			projectDirPath = "";
			projectRoot = "";
			targets = (
				AA000000000000000037 /* EisenVaultSync */,
			);
		};
/* End PBXProject section */

/* Begin PBXResourcesBuildPhase section */
		AA000000000000000040 /* Resources */ = {
			isa = PBXResourcesBuildPhase;
			buildActionMask = 2147483647;
			files = (
				AA000000000000000007 /* Preview Assets.xcassets in Resources */,
				AA000000000000000005 /* Assets.xcassets in Resources */,
			);
			runOnlyForDeploymentPostprocessing = 0;
		};
/* End PBXResourcesBuildPhase section */

/* Begin PBXSourcesBuildPhase section */
		AA000000000000000039 /* Sources */ = {
			isa = PBXSourcesBuildPhase;
			buildActionMask = 2147483647;
			files = (
				AA000000000000000003 /* ContentView.swift in Sources */,
				AA000000000000000009 /* EisenVaultSync.xcdatamodel in Sources */,
				AA000000000000000011 /* AuthService.swift in Sources */,
				AA000000000000000013 /* LoginView.swift in Sources */,
				AA000000000000000015 /* AuthModels.swift in Sources */,
				9C7951982E72B35900B95CA6 /* AccountManager.swift in Sources */,
				9C7951992E72B35900B95CA6 /* AccountSetupView.swift in Sources */,
				9C79519A2E72B35900B95CA6 /* MultiAccountView.swift in Sources */,
				9C79519B2E72B35900B95CA6 /* AccountManagerView.swift in Sources */,
				9C79519D2E72B35900B95CA6 /* AccountManagerViewModel.swift in Sources */,
				9C7951A12E72B35900B95CA6 /* ErrorAlertView.swift in Sources */,
				AA000000000000000017 /* KeychainManager.swift in Sources */,
				AA000000000000000019 /* NetworkManager.swift in Sources */,
				AA000000000000000023 /* PersistenceController.swift in Sources */,
				AA000000000000000001 /* EisenVaultSyncApp.swift in Sources */,
			);
			runOnlyForDeploymentPostprocessing = 0;
		};
/* End PBXSourcesBuildPhase section */

/* Begin XCBuildConfiguration section */
		AA000000000000000043 /* Debug */ = {
			isa = XCBuildConfiguration;
			buildSettings = {
				ALWAYS_SEARCH_USER_PATHS = NO;
				ASSETCATALOG_COMPILER_GENERATE_SWIFT_ASSET_SYMBOL_EXTENSIONS = YES;
				CLANG_ANALYZER_NONNULL = YES;
				CLANG_ANALYZER_NUMBER_OBJECT_CONVERSION = YES_AGGRESSIVE;
				CLANG_CXX_LANGUAGE_STANDARD = "gnu++20";
				CLANG_ENABLE_MODULES = YES;
				CLANG_ENABLE_OBJC_ARC = YES;
				CLANG_ENABLE_OBJC_WEAK = YES;
				CLANG_WARN_BLOCK_CAPTURE_AUTORELEASING = YES;
				CLANG_WARN_BOOL_CONVERSION = YES;
				CLANG_WARN_COMMA = YES;
				CLANG_WARN_CONSTANT_CONVERSION = YES;
				CLANG_WARN_DEPRECATED_OBJC_IMPLEMENTATIONS = YES;
				CLANG_WARN_DIRECT_OBJC_ISA_USAGE = YES_ERROR;
				CLANG_WARN_DOCUMENTATION_COMMENTS = YES;
				CLANG_WARN_EMPTY_BODY = YES;
				CLANG_WARN_ENUM_CONVERSION = YES;
				CLANG_WARN_INFINITE_RECURSION = YES;
				CLANG_WARN_INT_CONVERSION = YES;
				CLANG_WARN_NON_LITERAL_NULL_CONVERSION = YES;
				CLANG_WARN_OBJC_IMPLICIT_RETAIN_SELF = YES;
				CLANG_WARN_OBJC_LITERAL_CONVERSION = YES;
				CLANG_WARN_OBJC_ROOT_CLASS = YES_ERROR;
				CLANG_WARN_QUOTED_INCLUDE_IN_FRAMEWORK_HEADER = YES;
				CLANG_WARN_RANGE_LOOP_ANALYSIS = YES;
				CLANG_WARN_STRICT_PROTOTYPES = YES;
				CLANG_WARN_SUSPICIOUS_MOVE = YES;
				CLANG_WARN_UNGUARDED_AVAILABILITY = YES_AGGRESSIVE;
				CLANG_WARN_UNREACHABLE_CODE = YES;
				CLANG_WARN__DUPLICATE_METHOD_MATCH = YES;
				COPY_PHASE_STRIP = NO;
				DEBUG_INFORMATION_FORMAT = dwarf;
				ENABLE_STRICT_OBJC_MSGSEND = YES;
				ENABLE_TESTABILITY = YES;
				ENABLE_USER_SCRIPT_SANDBOXING = YES;
				GCC_C_LANGUAGE_STANDARD = gnu17;
				GCC_DYNAMIC_NO_PIC = NO;
				GCC_NO_COMMON_BLOCKS = YES;
				GCC_OPTIMIZATION_LEVEL = 0;
				GCC_PREPROCESSOR_DEFINITIONS = (
					"DEBUG=1",
					"$(inherited)",
				);
				GCC_WARN_64_TO_32_BIT_CONVERSION = YES;
				GCC_WARN_ABOUT_RETURN_TYPE = YES_ERROR;
				GCC_WARN_UNDECLARED_SELECTOR = YES;
				GCC_WARN_UNINITIALIZED_AUTOS = YES_AGGRESSIVE;
				GCC_WARN_UNUSED_FUNCTION = YES;
				GCC_WARN_UNUSED_VARIABLE = YES;
				LOCALIZATION_PREFERS_STRING_CATALOGS = YES;
				MACOSX_DEPLOYMENT_TARGET = 13.0;
				MTL_ENABLE_DEBUG_INFO = INCLUDE_SOURCE;
				MTL_FAST_MATH = YES;
				ONLY_ACTIVE_ARCH = YES;
				SDKROOT = macosx;
				SWIFT_ACTIVE_COMPILATION_CONDITIONS = "DEBUG $(inherited)";
				SWIFT_OPTIMIZATION_LEVEL = "-Onone";
			};
			name = Debug;
		};
		AA000000000000000044 /* Release */ = {
			isa = XCBuildConfiguration;
			buildSettings = {
				ALWAYS_SEARCH_USER_PATHS = NO;
				ASSETCATALOG_COMPILER_GENERATE_SWIFT_ASSET_SYMBOL_EXTENSIONS = YES;
				CLANG_ANALYZER_NONNULL = YES;
				CLANG_ANALYZER_NUMBER_OBJECT_CONVERSION = YES_AGGRESSIVE;
				CLANG_CXX_LANGUAGE_STANDARD = "gnu++20";
				CLANG_ENABLE_MODULES = YES;
				CLANG_ENABLE_OBJC_ARC = YES;
				CLANG_ENABLE_OBJC_WEAK = YES;
				CLANG_WARN_BLOCK_CAPTURE_AUTORELEASING = YES;
				CLANG_WARN_BOOL_CONVERSION = YES;
				CLANG_WARN_COMMA = YES;
				CLANG_WARN_CONSTANT_CONVERSION = YES;
				CLANG_WARN_DEPRECATED_OBJC_IMPLEMENTATIONS = YES;
				CLANG_WARN_DIRECT_OBJC_ISA_USAGE = YES_ERROR;
				CLANG_WARN_DOCUMENTATION_COMMENTS = YES;
				CLANG_WARN_EMPTY_BODY = YES;
				CLANG_WARN_ENUM_CONVERSION = YES;
				CLANG_WARN_INFINITE_RECURSION = YES;
				CLANG_WARN_INT_CONVERSION = YES;
				CLANG_WARN_NON_LITERAL_NULL_CONVERSION = YES;
				CLANG_WARN_OBJC_IMPLICIT_RETAIN_SELF = YES;
				CLANG_WARN_OBJC_LITERAL_CONVERSION = YES;
				CLANG_WARN_OBJC_ROOT_CLASS = YES_ERROR;
				CLANG_WARN_QUOTED_INCLUDE_IN_FRAMEWORK_HEADER = YES;
				CLANG_WARN_RANGE_LOOP_ANALYSIS = YES;
				CLANG_WARN_STRICT_PROTOTYPES = YES;
				CLANG_WARN_SUSPICIOUS_MOVE = YES;
				CLANG_WARN_UNGUARDED_AVAILABILITY = YES_AGGRESSIVE;
				CLANG_WARN_UNREACHABLE_CODE = YES;
				CLANG_WARN__DUPLICATE_METHOD_MATCH = YES;
				COPY_PHASE_STRIP = NO;
				DEBUG_INFORMATION_FORMAT = "dwarf-with-dsym";
				ENABLE_NS_ASSERTIONS = NO;
				ENABLE_STRICT_OBJC_MSGSEND = YES;
				ENABLE_USER_SCRIPT_SANDBOXING = YES;
				GCC_C_LANGUAGE_STANDARD = gnu17;
				GCC_NO_COMMON_BLOCKS = YES;
				GCC_WARN_64_TO_32_BIT_CONVERSION = YES;
				GCC_WARN_ABOUT_RETURN_TYPE = YES_ERROR;
				GCC_WARN_UNDECLARED_SELECTOR = YES;
				GCC_WARN_UNINITIALIZED_AUTOS = YES_AGGRESSIVE;
				GCC_WARN_UNUSED_FUNCTION = YES;
				GCC_WARN_UNUSED_VARIABLE = YES;
				LOCALIZATION_PREFERS_STRING_CATALOGS = YES;
				MACOSX_DEPLOYMENT_TARGET = 13.0;
				MTL_ENABLE_DEBUG_INFO = NO;
				MTL_FAST_MATH = YES;
				SDKROOT = macosx;
				SWIFT_COMPILATION_MODE = wholemodule;
			};
			name = Release;
		};
		AA000000000000000045 /* Debug */ = {
			isa = XCBuildConfiguration;
			buildSettings = {
				ASSETCATALOG_COMPILER_APPICON_NAME = AppIcon;
				ASSETCATALOG_COMPILER_GLOBAL_ACCENT_COLOR_NAME = AccentColor;
				CODE_SIGN_ENTITLEMENTS = EisenVaultSync/EisenVaultSync.entitlements;
				"CODE_SIGN_IDENTITY[sdk=macosx*]" = "Apple Development";
				CODE_SIGN_STYLE = Automatic;
				COMBINE_HIDPI_IMAGES = YES;
				CURRENT_PROJECT_VERSION = 1;
				DEVELOPMENT_ASSET_PATHS = "\"EisenVaultSync/Preview Content\"";
				DEVELOPMENT_TEAM = 8875LJKC6S;
				ENABLE_PREVIEWS = YES;
				GENERATE_INFOPLIST_FILE = YES;
				INFOPLIST_FILE = EisenVaultSync/Info.plist;
				INFOPLIST_KEY_NSHumanReadableCopyright = "";
				LD_RUNPATH_SEARCH_PATHS = (
					"$(inherited)",
					"@executable_path/../Frameworks",
				);
				MARKETING_VERSION = 1.0;
				PRODUCT_BUNDLE_IDENTIFIER = com.eisenvault.sync;
				PRODUCT_NAME = "$(TARGET_NAME)";
				SWIFT_EMIT_LOC_STRINGS = YES;
				SWIFT_VERSION = 5.0;
			};
			name = Debug;
		};
		AA000000000000000046 /* Release */ = {
			isa = XCBuildConfiguration;
			buildSettings = {
				ASSETCATALOG_COMPILER_APPICON_NAME = AppIcon;
				ASSETCATALOG_COMPILER_GLOBAL_ACCENT_COLOR_NAME = AccentColor;
				CODE_SIGN_ENTITLEMENTS = EisenVaultSync/EisenVaultSync.entitlements;
				"CODE_SIGN_IDENTITY[sdk=macosx*]" = "Apple Development";
				CODE_SIGN_STYLE = Automatic;
				COMBINE_HIDPI_IMAGES = YES;
				CURRENT_PROJECT_VERSION = 1;
				DEVELOPMENT_ASSET_PATHS = "\"EisenVaultSync/Preview Content\"";
				DEVELOPMENT_TEAM = 8875LJKC6S;
				ENABLE_PREVIEWS = YES;
				GENERATE_INFOPLIST_FILE = YES;
				INFOPLIST_FILE = EisenVaultSync/Info.plist;
				INFOPLIST_KEY_NSHumanReadableCopyright = "";
				LD_RUNPATH_SEARCH_PATHS = (
					"$(inherited)",
					"@executable_path/../Frameworks",
				);
				MARKETING_VERSION = 1.0;
				PRODUCT_BUNDLE_IDENTIFIER = com.eisenvault.sync;
				PRODUCT_NAME = "$(TARGET_NAME)";
				SWIFT_EMIT_LOC_STRINGS = YES;
				SWIFT_VERSION = 5.0;
			};
			name = Release;
		};
/* End XCBuildConfiguration section */

/* Begin XCConfigurationList section */
		AA000000000000000038 /* Build configuration list for PBXNativeTarget "EisenVaultSync" */ = {
			isa = XCConfigurationList;
			buildConfigurations = (
				AA000000000000000045 /* Debug */,
				AA000000000000000046 /* Release */,
			);
			defaultConfigurationIsVisible = 0;
			defaultConfigurationName = Release;
		};
		AA000000000000000042 /* Build configuration list for PBXProject "EisenVaultSync" */ = {
			isa = XCConfigurationList;
			buildConfigurations = (
				AA000000000000000043 /* Debug */,
				AA000000000000000044 /* Release */,
			);
			defaultConfigurationIsVisible = 0;
			defaultConfigurationName = Release;
		};
/* End XCConfigurationList section */

/* Begin XCVersionGroup section */
		AA000000000000000047 /* EisenVaultSync.xcdatamodeld */ = {
			isa = XCVersionGroup;
			children = (
				AA000000000000000010 /* EisenVaultSync.xcdatamodel */,
			);
			currentVersion = AA000000000000000010 /* EisenVaultSync.xcdatamodel */;
			path = EisenVaultSync.xcdatamodeld;
			sourceTree = "<group>";
			versionGroupType = wrapper.xcdatamodel;
		};
/* End XCVersionGroup section */
	};
	rootObject = AA000000000000000041 /* Project object */;
}
